// !$*UTF8*$!
{
	archiveVersion = 1;
	classes = {
	};
	objectVersion = 50;
	objects = {

/* Begin PBXBuildFile section */
		4D7999C92503038D0023562C /* Apple.swift in Sources */ = {isa = PBXBuildFile; fileRef = 4D7999C82503038D0023562C /* Apple.swift */; };
		4D7999CD250308A10023562C /* Body.swift in Sources */ = {isa = PBXBuildFile; fileRef = 4D7999CC250308A10023562C /* Body.swift */; };
		5F10561024B4F24700B8DE1E /* Snake.swift in Sources */ = {isa = PBXBuildFile; fileRef = 5F10560F24B4F24700B8DE1E /* Snake.swift */; };
		5F28E309250439F20049083D /* ToDo.swift in Sources */ = {isa = PBXBuildFile; fileRef = 5F28E308250439F20049083D /* ToDo.swift */; };
		5F3D5A692503FB0400867449 /* GAME.swift in Sources */ = {isa = PBXBuildFile; fileRef = 5F3D5A682503FB0400867449 /* GAME.swift */; };
		5FB01C2324B25E42005E30B1 /* AppDelegate.swift in Sources */ = {isa = PBXBuildFile; fileRef = 5FB01C2224B25E42005E30B1 /* AppDelegate.swift */; };
		5FB01C2524B25E42005E30B1 /* SceneDelegate.swift in Sources */ = {isa = PBXBuildFile; fileRef = 5FB01C2424B25E42005E30B1 /* SceneDelegate.swift */; };
		5FB01C2724B25E42005E30B1 /* ViewController.swift in Sources */ = {isa = PBXBuildFile; fileRef = 5FB01C2624B25E42005E30B1 /* ViewController.swift */; };
		5FB01C2A24B25E42005E30B1 /* Main.storyboard in Resources */ = {isa = PBXBuildFile; fileRef = 5FB01C2824B25E42005E30B1 /* Main.storyboard */; };
		5FB01C2C24B25E42005E30B1 /* Assets.xcassets in Resources */ = {isa = PBXBuildFile; fileRef = 5FB01C2B24B25E42005E30B1 /* Assets.xcassets */; };
		5FB01C2F24B25E42005E30B1 /* LaunchScreen.storyboard in Resources */ = {isa = PBXBuildFile; fileRef = 5FB01C2D24B25E42005E30B1 /* LaunchScreen.storyboard */; };
		A6AC6C9324FFA6600072CB46 /* GameVC.swift in Sources */ = {isa = PBXBuildFile; fileRef = A6AC6C9224FFA6600072CB46 /* GameVC.swift */; };
		A6AC6C9524FFA6CB0072CB46 /* Options.swift in Sources */ = {isa = PBXBuildFile; fileRef = A6AC6C9424FFA6CB0072CB46 /* Options.swift */; };
		A6AC6C9724FFA6E90072CB46 /* BestResult.swift in Sources */ = {isa = PBXBuildFile; fileRef = A6AC6C9624FFA6E90072CB46 /* BestResult.swift */; };
/* End PBXBuildFile section */

/* Begin PBXFileReference section */
		4D7999C82503038D0023562C /* Apple.swift */ = {isa = PBXFileReference; lastKnownFileType = sourcecode.swift; path = Apple.swift; sourceTree = "<group>"; };
		4D7999CC250308A10023562C /* Body.swift */ = {isa = PBXFileReference; lastKnownFileType = sourcecode.swift; path = Body.swift; sourceTree = "<group>"; };
		5F10560F24B4F24700B8DE1E /* Snake.swift */ = {isa = PBXFileReference; lastKnownFileType = sourcecode.swift; path = Snake.swift; sourceTree = "<group>"; };
		5F28E307250438620049083D /* Snake2.entitlements */ = {isa = PBXFileReference; lastKnownFileType = text.plist.entitlements; path = Snake2.entitlements; sourceTree = "<group>"; };
		5F28E308250439F20049083D /* ToDo.swift */ = {isa = PBXFileReference; lastKnownFileType = sourcecode.swift; path = ToDo.swift; sourceTree = "<group>"; };
		5F3D5A682503FB0400867449 /* GAME.swift */ = {isa = PBXFileReference; lastKnownFileType = sourcecode.swift; path = GAME.swift; sourceTree = "<group>"; };
		5FB01C1F24B25E42005E30B1 /* Snake2.app */ = {isa = PBXFileReference; explicitFileType = wrapper.application; includeInIndex = 0; path = Snake2.app; sourceTree = BUILT_PRODUCTS_DIR; };
		5FB01C2224B25E42005E30B1 /* AppDelegate.swift */ = {isa = PBXFileReference; lastKnownFileType = sourcecode.swift; path = AppDelegate.swift; sourceTree = "<group>"; };
		5FB01C2424B25E42005E30B1 /* SceneDelegate.swift */ = {isa = PBXFileReference; lastKnownFileType = sourcecode.swift; path = SceneDelegate.swift; sourceTree = "<group>"; };
		5FB01C2624B25E42005E30B1 /* ViewController.swift */ = {isa = PBXFileReference; lastKnownFileType = sourcecode.swift; path = ViewController.swift; sourceTree = "<group>"; };
		5FB01C2924B25E42005E30B1 /* Base */ = {isa = PBXFileReference; lastKnownFileType = file.storyboard; name = Base; path = Base.lproj/Main.storyboard; sourceTree = "<group>"; };
		5FB01C2B24B25E42005E30B1 /* Assets.xcassets */ = {isa = PBXFileReference; lastKnownFileType = folder.assetcatalog; path = Assets.xcassets; sourceTree = "<group>"; };
		5FB01C2E24B25E42005E30B1 /* Base */ = {isa = PBXFileReference; lastKnownFileType = file.storyboard; name = Base; path = Base.lproj/LaunchScreen.storyboard; sourceTree = "<group>"; };
		5FB01C3024B25E42005E30B1 /* Info.plist */ = {isa = PBXFileReference; lastKnownFileType = text.plist.xml; path = Info.plist; sourceTree = "<group>"; };
		A6AC6C9224FFA6600072CB46 /* GameVC.swift */ = {isa = PBXFileReference; lastKnownFileType = sourcecode.swift; path = GameVC.swift; sourceTree = "<group>"; };
		A6AC6C9424FFA6CB0072CB46 /* Options.swift */ = {isa = PBXFileReference; lastKnownFileType = sourcecode.swift; path = Options.swift; sourceTree = "<group>"; };
		A6AC6C9624FFA6E90072CB46 /* BestResult.swift */ = {isa = PBXFileReference; lastKnownFileType = sourcecode.swift; path = BestResult.swift; sourceTree = "<group>"; };
/* End PBXFileReference section */

/* Begin PBXFrameworksBuildPhase section */
		5FB01C1C24B25E42005E30B1 /* Frameworks */ = {
			isa = PBXFrameworksBuildPhase;
			buildActionMask = 2147483647;
			files = (
			);
			runOnlyForDeploymentPostprocessing = 0;
		};
/* End PBXFrameworksBuildPhase section */

/* Begin PBXGroup section */
		5F3D5A672503FA3C00867449 /* Game */ = {
			isa = PBXGroup;
			children = (
				5F10560F24B4F24700B8DE1E /* Snake.swift */,
				5F3D5A682503FB0400867449 /* GAME.swift */,
				4D7999C82503038D0023562C /* Apple.swift */,
				4D7999CC250308A10023562C /* Body.swift */,
			);
			path = Game;
			sourceTree = "<group>";
		};
		5FB01C1624B25E42005E30B1 = {
			isa = PBXGroup;
			children = (
				5F28E308250439F20049083D /* ToDo.swift */,
				5FB01C2124B25E42005E30B1 /* Snake2 */,
				5FB01C2024B25E42005E30B1 /* Products */,
			);
			sourceTree = "<group>";
		};
		5FB01C2024B25E42005E30B1 /* Products */ = {
			isa = PBXGroup;
			children = (
				5FB01C1F24B25E42005E30B1 /* Snake2.app */,
			);
			name = Products;
			sourceTree = "<group>";
		};
		5FB01C2124B25E42005E30B1 /* Snake2 */ = {
			isa = PBXGroup;
			children = (
				5F28E307250438620049083D /* Snake2.entitlements */,
				5FB01C2224B25E42005E30B1 /* AppDelegate.swift */,
				5FB01C2424B25E42005E30B1 /* SceneDelegate.swift */,
				5F3D5A672503FA3C00867449 /* Game */,
				A6AC6C9224FFA6600072CB46 /* GameVC.swift */,
				5FB01C2624B25E42005E30B1 /* ViewController.swift */,
				A6AC6C9424FFA6CB0072CB46 /* Options.swift */,
				A6AC6C9624FFA6E90072CB46 /* BestResult.swift */,
				5FB01C2824B25E42005E30B1 /* Main.storyboard */,
				5FB01C2B24B25E42005E30B1 /* Assets.xcassets */,
				5FB01C2D24B25E42005E30B1 /* LaunchScreen.storyboard */,
				5FB01C3024B25E42005E30B1 /* Info.plist */,
			);
			path = Snake2;
			sourceTree = "<group>";
		};
/* End PBXGroup section */

/* Begin PBXNativeTarget section */
		5FB01C1E24B25E42005E30B1 /* Snake2 */ = {
			isa = PBXNativeTarget;
			buildConfigurationList = 5FB01C3324B25E42005E30B1 /* Build configuration list for PBXNativeTarget "Snake2" */;
			buildPhases = (
				5FB01C1B24B25E42005E30B1 /* Sources */,
				5FB01C1C24B25E42005E30B1 /* Frameworks */,
				5FB01C1D24B25E42005E30B1 /* Resources */,
			);
			buildRules = (
			);
			dependencies = (
			);
			name = Snake2;
			productName = Snake2;
			productReference = 5FB01C1F24B25E42005E30B1 /* Snake2.app */;
			productType = "com.apple.product-type.application";
		};
/* End PBXNativeTarget section */

/* Begin PBXProject section */
		5FB01C1724B25E42005E30B1 /* Project object */ = {
			isa = PBXProject;
			attributes = {
				LastSwiftUpdateCheck = 1150;
				LastUpgradeCheck = 1240;
				ORGANIZATIONNAME = "Farhad Gatiyatov";
				TargetAttributes = {
					5FB01C1E24B25E42005E30B1 = {
						CreatedOnToolsVersion = 11.5;
					};
				};
			};
			buildConfigurationList = 5FB01C1A24B25E42005E30B1 /* Build configuration list for PBXProject "Snake2" */;
			compatibilityVersion = "Xcode 9.3";
			developmentRegion = en;
			hasScannedForEncodings = 0;
			knownRegions = (
				en,
				Base,
			);
			mainGroup = 5FB01C1624B25E42005E30B1;
			productRefGroup = 5FB01C2024B25E42005E30B1 /* Products */;
			projectDirPath = "";
			projectRoot = "";
			targets = (
				5FB01C1E24B25E42005E30B1 /* Snake2 */,
			);
		};
/* End PBXProject section */

/* Begin PBXResourcesBuildPhase section */
		5FB01C1D24B25E42005E30B1 /* Resources */ = {
			isa = PBXResourcesBuildPhase;
			buildActionMask = 2147483647;
			files = (
				5FB01C2F24B25E42005E30B1 /* LaunchScreen.storyboard in Resources */,
				5FB01C2C24B25E42005E30B1 /* Assets.xcassets in Resources */,
				5FB01C2A24B25E42005E30B1 /* Main.storyboard in Resources */,
			);
			runOnlyForDeploymentPostprocessing = 0;
		};
/* End PBXResourcesBuildPhase section */

/* Begin PBXSourcesBuildPhase section */
		5FB01C1B24B25E42005E30B1 /* Sources */ = {
			isa = PBXSourcesBuildPhase;
			buildActionMask = 2147483647;
			files = (
				4D7999C92503038D0023562C /* Apple.swift in Sources */,
				5F10561024B4F24700B8DE1E /* Snake.swift in Sources */,
				A6AC6C9324FFA6600072CB46 /* GameVC.swift in Sources */,
				5F28E309250439F20049083D /* ToDo.swift in Sources */,
				5FB01C2724B25E42005E30B1 /* ViewController.swift in Sources */,
				A6AC6C9724FFA6E90072CB46 /* BestResult.swift in Sources */,
				5F3D5A692503FB0400867449 /* GAME.swift in Sources */,
				5FB01C2324B25E42005E30B1 /* AppDelegate.swift in Sources */,
				A6AC6C9524FFA6CB0072CB46 /* Options.swift in Sources */,
				5FB01C2524B25E42005E30B1 /* SceneDelegate.swift in Sources */,
				4D7999CD250308A10023562C /* Body.swift in Sources */,
			);
			runOnlyForDeploymentPostprocessing = 0;
		};
/* End PBXSourcesBuildPhase section */

/* Begin PBXVariantGroup section */
		5FB01C2824B25E42005E30B1 /* Main.storyboard */ = {
			isa = PBXVariantGroup;
			children = (
				5FB01C2924B25E42005E30B1 /* Base */,
			);
			name = Main.storyboard;
			sourceTree = "<group>";
		};
		5FB01C2D24B25E42005E30B1 /* LaunchScreen.storyboard */ = {
			isa = PBXVariantGroup;
			children = (
				5FB01C2E24B25E42005E30B1 /* Base */,
			);
			name = LaunchScreen.storyboard;
			sourceTree = "<group>";
		};
/* End PBXVariantGroup section */

/* Begin XCBuildConfiguration section */
		5FB01C3124B25E42005E30B1 /* Debug */ = {
			isa = XCBuildConfiguration;
			buildSettings = {
				ALWAYS_SEARCH_USER_PATHS = NO;
				CLANG_ANALYZER_NONNULL = YES;
				CLANG_ANALYZER_NUMBER_OBJECT_CONVERSION = YES_AGGRESSIVE;
				CLANG_CXX_LANGUAGE_STANDARD = "gnu++14";
				CLANG_CXX_LIBRARY = "libc++";
				CLANG_ENABLE_MODULES = YES;
				CLANG_ENABLE_OBJC_ARC = YES;
				CLANG_ENABLE_OBJC_WEAK = YES;
				CLANG_WARN_BLOCK_CAPTURE_AUTORELEASING = YES;
				CLANG_WARN_BOOL_CONVERSION = YES;
				CLANG_WARN_COMMA = YES;
				CLANG_WARN_CONSTANT_CONVERSION = YES;
				CLANG_WARN_DEPRECATED_OBJC_IMPLEMENTATIONS = YES;
				CLANG_WARN_DIRECT_OBJC_ISA_USAGE = YES_ERROR;
				CLANG_WARN_DOCUMENTATION_COMMENTS = YES;
				CLANG_WARN_EMPTY_BODY = YES;
				CLANG_WARN_ENUM_CONVERSION = YES;
				CLANG_WARN_INFINITE_RECURSION = YES;
				CLANG_WARN_INT_CONVERSION = YES;
				CLANG_WARN_NON_LITERAL_NULL_CONVERSION = YES;
				CLANG_WARN_OBJC_IMPLICIT_RETAIN_SELF = YES;
				CLANG_WARN_OBJC_LITERAL_CONVERSION = YES;
				CLANG_WARN_OBJC_ROOT_CLASS = YES_ERROR;
				CLANG_WARN_QUOTED_INCLUDE_IN_FRAMEWORK_HEADER = YES;
				CLANG_WARN_RANGE_LOOP_ANALYSIS = YES;
				CLANG_WARN_STRICT_PROTOTYPES = YES;
				CLANG_WARN_SUSPICIOUS_MOVE = YES;
				CLANG_WARN_UNGUARDED_AVAILABILITY = YES_AGGRESSIVE;
				CLANG_WARN_UNREACHABLE_CODE = YES;
				CLANG_WARN__DUPLICATE_METHOD_MATCH = YES;
				COPY_PHASE_STRIP = NO;
				DEBUG_INFORMATION_FORMAT = dwarf;
				ENABLE_STRICT_OBJC_MSGSEND = YES;
				ENABLE_TESTABILITY = YES;
				GCC_C_LANGUAGE_STANDARD = gnu11;
				GCC_DYNAMIC_NO_PIC = NO;
				GCC_NO_COMMON_BLOCKS = YES;
				GCC_OPTIMIZATION_LEVEL = 0;
				GCC_PREPROCESSOR_DEFINITIONS = (
					"DEBUG=1",
					"$(inherited)",
				);
				GCC_WARN_64_TO_32_BIT_CONVERSION = YES;
				GCC_WARN_ABOUT_RETURN_TYPE = YES_ERROR;
				GCC_WARN_UNDECLARED_SELECTOR = YES;
				GCC_WARN_UNINITIALIZED_AUTOS = YES_AGGRESSIVE;
				GCC_WARN_UNUSED_FUNCTION = YES;
				GCC_WARN_UNUSED_VARIABLE = YES;
				IPHONEOS_DEPLOYMENT_TARGET = 13.5;
				MTL_ENABLE_DEBUG_INFO = INCLUDE_SOURCE;
				MTL_FAST_MATH = YES;
				ONLY_ACTIVE_ARCH = YES;
				SDKROOT = iphoneos;
				SWIFT_ACTIVE_COMPILATION_CONDITIONS = DEBUG;
				SWIFT_OPTIMIZATION_LEVEL = "-Onone";
			};
			name = Debug;
		};
		5FB01C3224B25E42005E30B1 /* Release */ = {
			isa = XCBuildConfiguration;
			buildSettings = {
				ALWAYS_SEARCH_USER_PATHS = NO;
				CLANG_ANALYZER_NONNULL = YES;
				CLANG_ANALYZER_NUMBER_OBJECT_CONVERSION = YES_AGGRESSIVE;
				CLANG_CXX_LANGUAGE_STANDARD = "gnu++14";
				CLANG_CXX_LIBRARY = "libc++";
				CLANG_ENABLE_MODULES = YES;
				CLANG_ENABLE_OBJC_ARC = YES;
				CLANG_ENABLE_OBJC_WEAK = YES;
				CLANG_WARN_BLOCK_CAPTURE_AUTORELEASING = YES;
				CLANG_WARN_BOOL_CONVERSION = YES;
				CLANG_WARN_COMMA = YES;
				CLANG_WARN_CONSTANT_CONVERSION = YES;
				CLANG_WARN_DEPRECATED_OBJC_IMPLEMENTATIONS = YES;
				CLANG_WARN_DIRECT_OBJC_ISA_USAGE = YES_ERROR;
				CLANG_WARN_DOCUMENTATION_COMMENTS = YES;
				CLANG_WARN_EMPTY_BODY = YES;
				CLANG_WARN_ENUM_CONVERSION = YES;
				CLANG_WARN_INFINITE_RECURSION = YES;
				CLANG_WARN_INT_CONVERSION = YES;
				CLANG_WARN_NON_LITERAL_NULL_CONVERSION = YES;
				CLANG_WARN_OBJC_IMPLICIT_RETAIN_SELF = YES;
				CLANG_WARN_OBJC_LITERAL_CONVERSION = YES;
				CLANG_WARN_OBJC_ROOT_CLASS = YES_ERROR;
				CLANG_WARN_QUOTED_INCLUDE_IN_FRAMEWORK_HEADER = YES;
				CLANG_WARN_RANGE_LOOP_ANALYSIS = YES;
				CLANG_WARN_STRICT_PROTOTYPES = YES;
				CLANG_WARN_SUSPICIOUS_MOVE = YES;
				CLANG_WARN_UNGUARDED_AVAILABILITY = YES_AGGRESSIVE;
				CLANG_WARN_UNREACHABLE_CODE = YES;
				CLANG_WARN__DUPLICATE_METHOD_MATCH = YES;
				COPY_PHASE_STRIP = NO;
				DEBUG_INFORMATION_FORMAT = "dwarf-with-dsym";
				ENABLE_NS_ASSERTIONS = NO;
				ENABLE_STRICT_OBJC_MSGSEND = YES;
				GCC_C_LANGUAGE_STANDARD = gnu11;
				GCC_NO_COMMON_BLOCKS = YES;
				GCC_WARN_64_TO_32_BIT_CONVERSION = YES;
				GCC_WARN_ABOUT_RETURN_TYPE = YES_ERROR;
				GCC_WARN_UNDECLARED_SELECTOR = YES;
				GCC_WARN_UNINITIALIZED_AUTOS = YES_AGGRESSIVE;
				GCC_WARN_UNUSED_FUNCTION = YES;
				GCC_WARN_UNUSED_VARIABLE = YES;
				IPHONEOS_DEPLOYMENT_TARGET = 13.5;
				MTL_ENABLE_DEBUG_INFO = NO;
				MTL_FAST_MATH = YES;
				SDKROOT = iphoneos;
				SWIFT_COMPILATION_MODE = wholemodule;
				SWIFT_OPTIMIZATION_LEVEL = "-O";
				VALIDATE_PRODUCT = YES;
			};
			name = Release;
		};
		5FB01C3424B25E42005E30B1 /* Debug */ = {
			isa = XCBuildConfiguration;
			buildSettings = {
				ASSETCATALOG_COMPILER_APPICON_NAME = AppIcon;
				CODE_SIGN_ENTITLEMENTS = Snake2/Snake2.entitlements;
				CODE_SIGN_STYLE = Automatic;
				DEVELOPMENT_TEAM = 3YGACN3ADP;
				INFOPLIST_FILE = Snake2/Info.plist;
				IPHONEOS_DEPLOYMENT_TARGET = 13.0;
				LD_RUNPATH_SEARCH_PATHS = (
					"$(inherited)",
					"@executable_path/Frameworks",
				);
				PRODUCT_BUNDLE_IDENTIFIER = oleg56xxx.Snake2;
				PRODUCT_NAME = "$(TARGET_NAME)";
				SUPPORTS_MACCATALYST = YES;
				SWIFT_VERSION = 5.0;
				TARGETED_DEVICE_FAMILY = "1,2";
			};
			name = Debug;
		};
		5FB01C3524B25E42005E30B1 /* Release */ = {
			isa = XCBuildConfiguration;
			buildSettings = {
				ASSETCATALOG_COMPILER_APPICON_NAME = AppIcon;
				CODE_SIGN_ENTITLEMENTS = Snake2/Snake2.entitlements;
				CODE_SIGN_STYLE = Automatic;
				DEVELOPMENT_TEAM = 3YGACN3ADP;
				INFOPLIST_FILE = Snake2/Info.plist;
				IPHONEOS_DEPLOYMENT_TARGET = 13.0;
				LD_RUNPATH_SEARCH_PATHS = (
					"$(inherited)",
					"@executable_path/Frameworks",
				);
				PRODUCT_BUNDLE_IDENTIFIER = oleg56xxx.Snake2;
				PRODUCT_NAME = "$(TARGET_NAME)";
				SUPPORTS_MACCATALYST = YES;
				SWIFT_VERSION = 5.0;
				TARGETED_DEVICE_FAMILY = "1,2";
			};
			name = Release;
		};
/* End XCBuildConfiguration section */

/* Begin XCConfigurationList section */
		5FB01C1A24B25E42005E30B1 /* Build configuration list for PBXProject "Snake2" */ = {
			isa = XCConfigurationList;
			buildConfigurations = (
				5FB01C3124B25E42005E30B1 /* Debug */,
				5FB01C3224B25E42005E30B1 /* Release */,
			);
			defaultConfigurationIsVisible = 0;
			defaultConfigurationName = Release;
		};
		5FB01C3324B25E42005E30B1 /* Build configuration list for PBXNativeTarget "Snake2" */ = {
			isa = XCConfigurationList;
			buildConfigurations = (
				5FB01C3424B25E42005E30B1 /* Debug */,
				5FB01C3524B25E42005E30B1 /* Release */,
			);
			defaultConfigurationIsVisible = 0;
			defaultConfigurationName = Release;
		};
/* End XCConfigurationList section */
	};
	rootObject = 5FB01C1724B25E42005E30B1 /* Project object */;
}
